// !$*UTF8*$!
{
	archiveVersion = 1;
	classes = {
	};
	objectVersion = 46;
	objects = {

/* Begin PBXBuildFile section */
		6F14350B193DC58C006F992A /* AppDelegate.swift in Sources */ = {isa = PBXBuildFile; fileRef = 6F14350A193DC58C006F992A /* AppDelegate.swift */; };
		6F14350D193DC58C006F992A /* ViewController.swift in Sources */ = {isa = PBXBuildFile; fileRef = 6F14350C193DC58C006F992A /* ViewController.swift */; };
		6F143510193DC58C006F992A /* Main.storyboard in Resources */ = {isa = PBXBuildFile; fileRef = 6F14350E193DC58C006F992A /* Main.storyboard */; };
		6F143512193DC58C006F992A /* Images.xcassets in Resources */ = {isa = PBXBuildFile; fileRef = 6F143511193DC58C006F992A /* Images.xcassets */; };
		6F14352A193DC62D006F992A /* TennisKataTests.swift in Sources */ = {isa = PBXBuildFile; fileRef = 6F143529193DC62D006F992A /* TennisKataTests.swift */; };
		6F14352C193DCA31006F992A /* TennisGame.swift in Sources */ = {isa = PBXBuildFile; fileRef = 6F14352B193DCA31006F992A /* TennisGame.swift */; };
		6F14352D193DCA6A006F992A /* TennisGame.swift in Sources */ = {isa = PBXBuildFile; fileRef = 6F14352B193DCA31006F992A /* TennisGame.swift */; };
/* End PBXBuildFile section */

/* Begin PBXContainerItemProxy section */
		6F143518193DC58D006F992A /* PBXContainerItemProxy */ = {
			isa = PBXContainerItemProxy;
			containerPortal = 6F1434FD193DC58C006F992A /* Project object */;
			proxyType = 1;
			remoteGlobalIDString = 6F143504193DC58C006F992A;
			remoteInfo = TennisKataSwift;
		};
		6FC80647193DF7C200E52CFB /* PBXContainerItemProxy */ = {
			isa = PBXContainerItemProxy;
			containerPortal = 6F1434FD193DC58C006F992A /* Project object */;
			proxyType = 1;
			remoteGlobalIDString = 6F143504193DC58C006F992A;
			remoteInfo = TennisKataSwift;
		};
		6FC80649193DF7C200E52CFB /* PBXContainerItemProxy */ = {
			isa = PBXContainerItemProxy;
			containerPortal = 6F1434FD193DC58C006F992A /* Project object */;
			proxyType = 1;
			remoteGlobalIDString = 6F143504193DC58C006F992A;
			remoteInfo = TennisKataSwift;
		};
/* End PBXContainerItemProxy section */

/* Begin PBXFileReference section */
		6F143505193DC58C006F992A /* TennisKataSwift.app */ = {isa = PBXFileReference; explicitFileType = wrapper.application; includeInIndex = 0; path = TennisKataSwift.app; sourceTree = BUILT_PRODUCTS_DIR; };
		6F143509193DC58C006F992A /* Info.plist */ = {isa = PBXFileReference; lastKnownFileType = text.plist.xml; path = Info.plist; sourceTree = "<group>"; };
		6F14350A193DC58C006F992A /* AppDelegate.swift */ = {isa = PBXFileReference; lastKnownFileType = sourcecode.swift; path = AppDelegate.swift; sourceTree = "<group>"; };
		6F14350C193DC58C006F992A /* ViewController.swift */ = {isa = PBXFileReference; lastKnownFileType = sourcecode.swift; path = ViewController.swift; sourceTree = "<group>"; };
		6F14350F193DC58C006F992A /* Base */ = {isa = PBXFileReference; lastKnownFileType = file.storyboard; name = Base; path = Base.lproj/Main.storyboard; sourceTree = "<group>"; };
		6F143511193DC58C006F992A /* Images.xcassets */ = {isa = PBXFileReference; lastKnownFileType = folder.assetcatalog; path = Images.xcassets; sourceTree = "<group>"; };
		6F143517193DC58D006F992A /* TennisKataSwiftTests.xctest */ = {isa = PBXFileReference; explicitFileType = wrapper.cfbundle; includeInIndex = 0; path = TennisKataSwiftTests.xctest; sourceTree = BUILT_PRODUCTS_DIR; };
		6F14351C193DC58D006F992A /* Info.plist */ = {isa = PBXFileReference; lastKnownFileType = text.plist.xml; path = Info.plist; sourceTree = "<group>"; };
		6F143529193DC62D006F992A /* TennisKataTests.swift */ = {isa = PBXFileReference; fileEncoding = 4; lastKnownFileType = sourcecode.swift; path = TennisKataTests.swift; sourceTree = "<group>"; };
		6F14352B193DCA31006F992A /* TennisGame.swift */ = {isa = PBXFileReference; fileEncoding = 4; lastKnownFileType = sourcecode.swift; path = TennisGame.swift; sourceTree = "<group>"; };
		6FC50E2F193DF827001CC359 /* TennisKataSwiftTests-Bridging-Header.h */ = {isa = PBXFileReference; fileEncoding = 4; lastKnownFileType = sourcecode.c.h; path = "TennisKataSwiftTests-Bridging-Header.h"; sourceTree = "<group>"; };
/* End PBXFileReference section */

/* Begin PBXFrameworksBuildPhase section */
		6F143502193DC58C006F992A /* Frameworks */ = {
			isa = PBXFrameworksBuildPhase;
			buildActionMask = 2147483647;
			files = (
			);
			runOnlyForDeploymentPostprocessing = 0;
		};
		6F143514193DC58D006F992A /* Frameworks */ = {
			isa = PBXFrameworksBuildPhase;
			buildActionMask = 2147483647;
			files = (
			);
			runOnlyForDeploymentPostprocessing = 0;
		};
/* End PBXFrameworksBuildPhase section */

/* Begin PBXGroup section */
		6F1434FC193DC58C006F992A = {
			isa = PBXGroup;
			children = (
				6F143507193DC58C006F992A /* TennisKataSwift */,
				6F14351A193DC58D006F992A /* TennisKataSwiftTests */,
				6F143506193DC58C006F992A /* Products */,
			);
			sourceTree = "<group>";
		};
		6F143506193DC58C006F992A /* Products */ = {
			isa = PBXGroup;
			children = (
				6F143505193DC58C006F992A /* TennisKataSwift.app */,
				6F143517193DC58D006F992A /* TennisKataSwiftTests.xctest */,
			);
			name = Products;
			sourceTree = "<group>";
		};
		6F143507193DC58C006F992A /* TennisKataSwift */ = {
			isa = PBXGroup;
			children = (
				6F14350A193DC58C006F992A /* AppDelegate.swift */,
				6F14350C193DC58C006F992A /* ViewController.swift */,
				6F14350E193DC58C006F992A /* Main.storyboard */,
				6F143511193DC58C006F992A /* Images.xcassets */,
				6F143508193DC58C006F992A /* Supporting Files */,
				6F14352B193DCA31006F992A /* TennisGame.swift */,
			);
			path = TennisKataSwift;
			sourceTree = "<group>";
		};
		6F143508193DC58C006F992A /* Supporting Files */ = {
			isa = PBXGroup;
			children = (
				6F143509193DC58C006F992A /* Info.plist */,
			);
			name = "Supporting Files";
			sourceTree = "<group>";
		};
		6F14351A193DC58D006F992A /* TennisKataSwiftTests */ = {
			isa = PBXGroup;
			children = (
				6FC50E2F193DF827001CC359 /* TennisKataSwiftTests-Bridging-Header.h */,
				6F14351B193DC58D006F992A /* Supporting Files */,
				6F143529193DC62D006F992A /* TennisKataTests.swift */,
			);
			path = TennisKataSwiftTests;
			sourceTree = "<group>";
		};
		6F14351B193DC58D006F992A /* Supporting Files */ = {
			isa = PBXGroup;
			children = (
				6F14351C193DC58D006F992A /* Info.plist */,
			);
			name = "Supporting Files";
			sourceTree = "<group>";
		};
/* End PBXGroup section */

/* Begin PBXNativeTarget section */
		6F143504193DC58C006F992A /* TennisKataSwift */ = {
			isa = PBXNativeTarget;
			buildConfigurationList = 6F143521193DC58D006F992A /* Build configuration list for PBXNativeTarget "TennisKataSwift" */;
			buildPhases = (
				6F143501193DC58C006F992A /* Sources */,
				6F143502193DC58C006F992A /* Frameworks */,
				6F143503193DC58C006F992A /* Resources */,
			);
			buildRules = (
			);
			dependencies = (
			);
			name = TennisKataSwift;
			productName = TennisKataSwift;
			productReference = 6F143505193DC58C006F992A /* TennisKataSwift.app */;
			productType = "com.apple.product-type.application";
		};
		6F143516193DC58D006F992A /* TennisKataSwiftTests */ = {
			isa = PBXNativeTarget;
			buildConfigurationList = 6F143524193DC58D006F992A /* Build configuration list for PBXNativeTarget "TennisKataSwiftTests" */;
			buildPhases = (
				6F143513193DC58D006F992A /* Sources */,
				6F143514193DC58D006F992A /* Frameworks */,
				6F143515193DC58D006F992A /* Resources */,
			);
			buildRules = (
			);
			dependencies = (
				6F143519193DC58D006F992A /* PBXTargetDependency */,
				6FC80648193DF7C200E52CFB /* PBXTargetDependency */,
				6FC8064A193DF7C200E52CFB /* PBXTargetDependency */,
			);
			name = TennisKataSwiftTests;
			productName = TennisKataSwiftTests;
			productReference = 6F143517193DC58D006F992A /* TennisKataSwiftTests.xctest */;
			productType = "com.apple.product-type.bundle.unit-test";
		};
/* End PBXNativeTarget section */

/* Begin PBXProject section */
		6F1434FD193DC58C006F992A /* Project object */ = {
			isa = PBXProject;
			attributes = {
				LastUpgradeCheck = 0600;
				ORGANIZATIONNAME = "Kin Wah Lai";
				TargetAttributes = {
					6F143504193DC58C006F992A = {
						CreatedOnToolsVersion = 6.0;
					};
					6F143516193DC58D006F992A = {
						CreatedOnToolsVersion = 6.0;
						TestTargetID = 6F143504193DC58C006F992A;
					};
				};
			};
			buildConfigurationList = 6F143500193DC58C006F992A /* Build configuration list for PBXProject "TennisKataSwift" */;
			compatibilityVersion = "Xcode 3.2";
			developmentRegion = English;
			hasScannedForEncodings = 0;
			knownRegions = (
				en,
				Base,
			);
			mainGroup = 6F1434FC193DC58C006F992A;
			productRefGroup = 6F143506193DC58C006F992A /* Products */;
			projectDirPath = "";
			projectRoot = "";
			targets = (
				6F143504193DC58C006F992A /* TennisKataSwift */,
				6F143516193DC58D006F992A /* TennisKataSwiftTests */,
			);
		};
/* End PBXProject section */

/* Begin PBXResourcesBuildPhase section */
		6F143503193DC58C006F992A /* Resources */ = {
			isa = PBXResourcesBuildPhase;
			buildActionMask = 2147483647;
			files = (
				6F143510193DC58C006F992A /* Main.storyboard in Resources */,
				6F143512193DC58C006F992A /* Images.xcassets in Resources */,
			);
			runOnlyForDeploymentPostprocessing = 0;
		};
		6F143515193DC58D006F992A /* Resources */ = {
			isa = PBXResourcesBuildPhase;
			buildActionMask = 2147483647;
			files = (
			);
			runOnlyForDeploymentPostprocessing = 0;
		};
/* End PBXResourcesBuildPhase section */

/* Begin PBXSourcesBuildPhase section */
		6F143501193DC58C006F992A /* Sources */ = {
			isa = PBXSourcesBuildPhase;
			buildActionMask = 2147483647;
			files = (
				6F14350D193DC58C006F992A /* ViewController.swift in Sources */,
				6F14352C193DCA31006F992A /* TennisGame.swift in Sources */,
				6F14350B193DC58C006F992A /* AppDelegate.swift in Sources */,
			);
			runOnlyForDeploymentPostprocessing = 0;
		};
		6F143513193DC58D006F992A /* Sources */ = {
			isa = PBXSourcesBuildPhase;
			buildActionMask = 2147483647;
			files = (
				6F14352D193DCA6A006F992A /* TennisGame.swift in Sources */,
				6F14352A193DC62D006F992A /* TennisKataTests.swift in Sources */,
			);
			runOnlyForDeploymentPostprocessing = 0;
		};
/* End PBXSourcesBuildPhase section */

/* Begin PBXTargetDependency section */
		6F143519193DC58D006F992A /* PBXTargetDependency */ = {
			isa = PBXTargetDependency;
			target = 6F143504193DC58C006F992A /* TennisKataSwift */;
			targetProxy = 6F143518193DC58D006F992A /* PBXContainerItemProxy */;
		};
		6FC80648193DF7C200E52CFB /* PBXTargetDependency */ = {
			isa = PBXTargetDependency;
			target = 6F143504193DC58C006F992A /* TennisKataSwift */;
			targetProxy = 6FC80647193DF7C200E52CFB /* PBXContainerItemProxy */;
		};
		6FC8064A193DF7C200E52CFB /* PBXTargetDependency */ = {
			isa = PBXTargetDependency;
			target = 6F143504193DC58C006F992A /* TennisKataSwift */;
			targetProxy = 6FC80649193DF7C200E52CFB /* PBXContainerItemProxy */;
		};
/* End PBXTargetDependency section */

/* Begin PBXVariantGroup section */
		6F14350E193DC58C006F992A /* Main.storyboard */ = {
			isa = PBXVariantGroup;
			children = (
				6F14350F193DC58C006F992A /* Base */,
			);
			name = Main.storyboard;
			sourceTree = "<group>";
		};
/* End PBXVariantGroup section */

/* Begin XCBuildConfiguration section */
		6F14351F193DC58D006F992A /* Debug */ = {
			isa = XCBuildConfiguration;
			buildSettings = {
				ALWAYS_SEARCH_USER_PATHS = NO;
				CLANG_CXX_LANGUAGE_STANDARD = "gnu++0x";
				CLANG_CXX_LIBRARY = "libc++";
				CLANG_ENABLE_MODULES = YES;
				CLANG_ENABLE_OBJC_ARC = YES;
				CLANG_WARN_BOOL_CONVERSION = YES;
				CLANG_WARN_CONSTANT_CONVERSION = YES;
				CLANG_WARN_DIRECT_OBJC_ISA_USAGE = YES_ERROR;
				CLANG_WARN_EMPTY_BODY = YES;
				CLANG_WARN_ENUM_CONVERSION = YES;
				CLANG_WARN_INT_CONVERSION = YES;
				CLANG_WARN_OBJC_ROOT_CLASS = YES_ERROR;
				CLANG_WARN_UNREACHABLE_CODE = YES;
				CLANG_WARN__DUPLICATE_METHOD_MATCH = YES;
				COPY_PHASE_STRIP = NO;
				ENABLE_STRICT_OBJC_MSGSEND = YES;
				GCC_C_LANGUAGE_STANDARD = gnu99;
				GCC_DYNAMIC_NO_PIC = NO;
				GCC_OPTIMIZATION_LEVEL = 0;
				GCC_PREPROCESSOR_DEFINITIONS = (
					"DEBUG=1",
					"$(inherited)",
				);
				GCC_SYMBOLS_PRIVATE_EXTERN = NO;
				GCC_WARN_64_TO_32_BIT_CONVERSION = YES;
				GCC_WARN_ABOUT_RETURN_TYPE = YES_ERROR;
				GCC_WARN_UNDECLARED_SELECTOR = YES;
				GCC_WARN_UNINITIALIZED_AUTOS = YES_AGGRESSIVE;
				GCC_WARN_UNUSED_FUNCTION = YES;
				GCC_WARN_UNUSED_VARIABLE = YES;
				IPHONEOS_DEPLOYMENT_TARGET = 8.0;
				METAL_ENABLE_DEBUG_INFO = YES;
				ONLY_ACTIVE_ARCH = YES;
				SDKROOT = iphoneos;
				SWIFT_OPTIMIZATION_LEVEL = "-Onone";
			};
			name = Debug;
		};
		6F143520193DC58D006F992A /* Release */ = {
			isa = XCBuildConfiguration;
			buildSettings = {
				ALWAYS_SEARCH_USER_PATHS = NO;
				CLANG_CXX_LANGUAGE_STANDARD = "gnu++0x";
				CLANG_CXX_LIBRARY = "libc++";
				CLANG_ENABLE_MODULES = YES;
				CLANG_ENABLE_OBJC_ARC = YES;
				CLANG_WARN_BOOL_CONVERSION = YES;
				CLANG_WARN_CONSTANT_CONVERSION = YES;
				CLANG_WARN_DIRECT_OBJC_ISA_USAGE = YES_ERROR;
				CLANG_WARN_EMPTY_BODY = YES;
				CLANG_WARN_ENUM_CONVERSION = YES;
				CLANG_WARN_INT_CONVERSION = YES;
				CLANG_WARN_OBJC_ROOT_CLASS = YES_ERROR;
				CLANG_WARN_UNREACHABLE_CODE = YES;
				CLANG_WARN__DUPLICATE_METHOD_MATCH = YES;
				COPY_PHASE_STRIP = YES;
				ENABLE_NS_ASSERTIONS = NO;
				ENABLE_STRICT_OBJC_MSGSEND = YES;
				GCC_C_LANGUAGE_STANDARD = gnu99;
				GCC_WARN_64_TO_32_BIT_CONVERSION = YES;
				GCC_WARN_ABOUT_RETURN_TYPE = YES_ERROR;
				GCC_WARN_UNDECLARED_SELECTOR = YES;
				GCC_WARN_UNINITIALIZED_AUTOS = YES_AGGRESSIVE;
				GCC_WARN_UNUSED_FUNCTION = YES;
				GCC_WARN_UNUSED_VARIABLE = YES;
				IPHONEOS_DEPLOYMENT_TARGET = 8.0;
				METAL_ENABLE_DEBUG_INFO = NO;
				SDKROOT = iphoneos;
				VALIDATE_PRODUCT = YES;
			};
			name = Release;
		};
		6F143522193DC58D006F992A /* Debug */ = {
			isa = XCBuildConfiguration;
			buildSettings = {
				ASSETCATALOG_COMPILER_APPICON_NAME = AppIcon;
				ASSETCATALOG_COMPILER_LAUNCHIMAGE_NAME = LaunchImage;
				INFOPLIST_FILE = TennisKataSwift/Info.plist;
				LD_RUNPATH_SEARCH_PATHS = "$(inherited) @executable_path/Frameworks";
				PRODUCT_NAME = "$(TARGET_NAME)";
				TARGETED_DEVICE_FAMILY = 1;
			};
			name = Debug;
		};
		6F143523193DC58D006F992A /* Release */ = {
			isa = XCBuildConfiguration;
			buildSettings = {
				ASSETCATALOG_COMPILER_APPICON_NAME = AppIcon;
				ASSETCATALOG_COMPILER_LAUNCHIMAGE_NAME = LaunchImage;
				INFOPLIST_FILE = TennisKataSwift/Info.plist;
				LD_RUNPATH_SEARCH_PATHS = "$(inherited) @executable_path/Frameworks";
				PRODUCT_NAME = "$(TARGET_NAME)";
				TARGETED_DEVICE_FAMILY = 1;
			};
			name = Release;
		};
		6F143525193DC58D006F992A /* Debug */ = {
			isa = XCBuildConfiguration;
			buildSettings = {
				BUNDLE_LOADER = "$(BUILT_PRODUCTS_DIR)/TennisKataSwift.app/TennisKataSwift";
				CLANG_ENABLE_MODULES = YES;
				FRAMEWORK_SEARCH_PATHS = (
					"$(SDKROOT)/Developer/Library/Frameworks",
					"$(inherited)",
				);
				GCC_PREPROCESSOR_DEFINITIONS = (
					"DEBUG=1",
					"$(inherited)",
				);
				INFOPLIST_FILE = TennisKataSwiftTests/Info.plist;
				LD_RUNPATH_SEARCH_PATHS = "$(inherited) @executable_path/Frameworks @loader_path/Frameworks";
				METAL_ENABLE_DEBUG_INFO = YES;
				PRODUCT_NAME = "$(TARGET_NAME)";
				SWIFT_OBJC_BRIDGING_HEADER = "TennisKataSwiftTests/TennisKataSwiftTests-Bridging-Header.h";
				SWIFT_OPTIMIZATION_LEVEL = "-Onone";
				TEST_HOST = "$(BUNDLE_LOADER)";
			};
			name = Debug;
		};
		6F143526193DC58D006F992A /* Release */ = {
			isa = XCBuildConfiguration;
			buildSettings = {
				BUNDLE_LOADER = "$(BUILT_PRODUCTS_DIR)/TennisKataSwift.app/TennisKataSwift";
				CLANG_ENABLE_MODULES = YES;
				FRAMEWORK_SEARCH_PATHS = (
					"$(SDKROOT)/Developer/Library/Frameworks",
					"$(inherited)",
				);
				INFOPLIST_FILE = TennisKataSwiftTests/Info.plist;
				LD_RUNPATH_SEARCH_PATHS = "$(inherited) @executable_path/Frameworks @loader_path/Frameworks";
				METAL_ENABLE_DEBUG_INFO = NO;
				PRODUCT_NAME = "$(TARGET_NAME)";
				SWIFT_OBJC_BRIDGING_HEADER = "TennisKataSwiftTests/TennisKataSwiftTests-Bridging-Header.h";
				TEST_HOST = "$(BUNDLE_LOADER)";
			};
			name = Release;
		};
/* End XCBuildConfiguration section */

/* Begin XCConfigurationList section */
		6F143500193DC58C006F992A /* Build configuration list for PBXProject "TennisKataSwift" */ = {
			isa = XCConfigurationList;
			buildConfigurations = (
				6F14351F193DC58D006F992A /* Debug */,
				6F143520193DC58D006F992A /* Release */,
			);
			defaultConfigurationIsVisible = 0;
			defaultConfigurationName = Release;
		};
		6F143521193DC58D006F992A /* Build configuration list for PBXNativeTarget "TennisKataSwift" */ = {
			isa = XCConfigurationList;
			buildConfigurations = (
				6F143522193DC58D006F992A /* Debug */,
				6F143523193DC58D006F992A /* Release */,
			);
			defaultConfigurationIsVisible = 0;
			defaultConfigurationName = Release;
		};
		6F143524193DC58D006F992A /* Build configuration list for PBXNativeTarget "TennisKataSwiftTests" */ = {
			isa = XCConfigurationList;
			buildConfigurations = (
				6F143525193DC58D006F992A /* Debug */,
				6F143526193DC58D006F992A /* Release */,
			);
			defaultConfigurationIsVisible = 0;
			defaultConfigurationName = Release;
		};
/* End XCConfigurationList section */
	};
	rootObject = 6F1434FD193DC58C006F992A /* Project object */;
}
